
Microsoft Visual Studio Solution File, Format Version 12.00
# Visual Studio 2013
VisualStudioVersion = 12.0.21005.1
MinimumVisualStudioVersion = 10.0.40219.1
Project("{2150E333-8FDC-42A3-9474-1A3956D46DE8}") = "Files", "Files", "{DFF9CE2A-BF33-4A3A-B670-3AF070AA51F5}"
	ProjectSection(SolutionItems) = preProject
		Bugs.txt = Bugs.txt
		Tasks.txt = Tasks.txt
	EndProjectSection
EndProject
Project("{FAE04EC0-301F-11D3-BF4B-00C04F79EFBC}") = "AIS_Enterprise_Global", "AIS_Enterprise_Global\AIS_Enterprise_Global.csproj", "{462B227C-3BD2-42C2-AF7F-7A6D3A1F6F27}"
EndProject
Project("{FAE04EC0-301F-11D3-BF4B-00C04F79EFBC}") = "AIS_Enterprise_AV", "AIS_Enterprise_AV\AIS_Enterprise_AV.csproj", "{97DCBB82-B0F2-40EA-974D-F5F41F6371E7}"
EndProject
Project("{2150E333-8FDC-42A3-9474-1A3956D46DE8}") = "Common", "Common", "{3D31B042-32AA-457C-B7CF-D2D80D23E68F}"
	ProjectSection(SolutionItems) = preProject
		Common\Numerizr.dll = Common\Numerizr.dll
	EndProjectSection
EndProject
Project("{2150E333-8FDC-42A3-9474-1A3956D46DE8}") = ".nuget", ".nuget", "{DEC5AB09-D7AD-46DD-B577-FC652D49A95C}"
	ProjectSection(SolutionItems) = preProject
		.nuget\NuGet.Config = .nuget\NuGet.Config
		.nuget\NuGet.exe = .nuget\NuGet.exe
		.nuget\NuGet.targets = .nuget\NuGet.targets
	EndProjectSection
EndProject
Project("{FAE04EC0-301F-11D3-BF4B-00C04F79EFBC}") = "GasStatusService", "GasStatusService\GasStatusService.csproj", "{D1156DDC-F1C2-4F33-9331-487571882331}"
EndProject
Project("{FAE04EC0-301F-11D3-BF4B-00C04F79EFBC}") = "AIS_Enterprise_CardService", "AIS_Enterprise_CardService\AIS_Enterprise_CardService.csproj", "{E79C3938-7A8D-471C-965D-DAB3C26EF2E3}"
EndProject
Project("{FAE04EC0-301F-11D3-BF4B-00C04F79EFBC}") = "AIS_Enterprise_Data", "AIS_Enterprise_Data\AIS_Enterprise_Data.csproj", "{3EEA2C83-692B-4667-AC2B-FFFD38710687}"
EndProject
Project("{FAE04EC0-301F-11D3-BF4B-00C04F79EFBC}") = "Updater", "Updater\Updater.csproj", "{395FB9E2-37AA-4568-982B-6FAABA45EAA3}"
EndProject
Project("{FAE04EC0-301F-11D3-BF4B-00C04F79EFBC}") = "FTPLoader", "FTPLoader\FTPLoader.csproj", "{653711D4-619B-4847-999F-9D08FA0C1B63}"
EndProject
Project("{FAE04EC0-301F-11D3-BF4B-00C04F79EFBC}") = "FTP", "FTPConnector\FTP.csproj", "{98873B44-2F45-49C1-93AA-3CC51819ACB7}"
EndProject
Global
	GlobalSection(SolutionConfigurationPlatforms) = preSolution
		Debug|Any CPU = Debug|Any CPU
		Release|Any CPU = Release|Any CPU
	EndGlobalSection
	GlobalSection(ProjectConfigurationPlatforms) = postSolution
		{462B227C-3BD2-42C2-AF7F-7A6D3A1F6F27}.Debug|Any CPU.ActiveCfg = Debug|Any CPU
		{462B227C-3BD2-42C2-AF7F-7A6D3A1F6F27}.Debug|Any CPU.Build.0 = Debug|Any CPU
		{462B227C-3BD2-42C2-AF7F-7A6D3A1F6F27}.Release|Any CPU.ActiveCfg = Release|Any CPU
		{462B227C-3BD2-42C2-AF7F-7A6D3A1F6F27}.Release|Any CPU.Build.0 = Release|Any CPU
		{97DCBB82-B0F2-40EA-974D-F5F41F6371E7}.Debug|Any CPU.ActiveCfg = Debug|Any CPU
		{97DCBB82-B0F2-40EA-974D-F5F41F6371E7}.Debug|Any CPU.Build.0 = Debug|Any CPU
		{97DCBB82-B0F2-40EA-974D-F5F41F6371E7}.Release|Any CPU.ActiveCfg = Release|Any CPU
		{97DCBB82-B0F2-40EA-974D-F5F41F6371E7}.Release|Any CPU.Build.0 = Release|Any CPU
		{D1156DDC-F1C2-4F33-9331-487571882331}.Debug|Any CPU.ActiveCfg = Release|Any CPU
		{D1156DDC-F1C2-4F33-9331-487571882331}.Debug|Any CPU.Build.0 = Release|Any CPU
		{D1156DDC-F1C2-4F33-9331-487571882331}.Release|Any CPU.ActiveCfg = Release|Any CPU
		{D1156DDC-F1C2-4F33-9331-487571882331}.Release|Any CPU.Build.0 = Release|Any CPU
		{E79C3938-7A8D-471C-965D-DAB3C26EF2E3}.Debug|Any CPU.ActiveCfg = Debug|Any CPU
		{E79C3938-7A8D-471C-965D-DAB3C26EF2E3}.Debug|Any CPU.Build.0 = Debug|Any CPU
		{E79C3938-7A8D-471C-965D-DAB3C26EF2E3}.Release|Any CPU.ActiveCfg = Release|Any CPU
		{E79C3938-7A8D-471C-965D-DAB3C26EF2E3}.Release|Any CPU.Build.0 = Release|Any CPU
		{3EEA2C83-692B-4667-AC2B-FFFD38710687}.Debug|Any CPU.ActiveCfg = Debug|Any CPU
		{3EEA2C83-692B-4667-AC2B-FFFD38710687}.Debug|Any CPU.Build.0 = Debug|Any CPU
		{3EEA2C83-692B-4667-AC2B-FFFD38710687}.Release|Any CPU.ActiveCfg = Release|Any CPU
		{3EEA2C83-692B-4667-AC2B-FFFD38710687}.Release|Any CPU.Build.0 = Release|Any CPU
		{395FB9E2-37AA-4568-982B-6FAABA45EAA3}.Debug|Any CPU.ActiveCfg = Debug|Any CPU
		{395FB9E2-37AA-4568-982B-6FAABA45EAA3}.Debug|Any CPU.Build.0 = Debug|Any CPU
		{395FB9E2-37AA-4568-982B-6FAABA45EAA3}.Release|Any CPU.ActiveCfg = Release|Any CPU
		{395FB9E2-37AA-4568-982B-6FAABA45EAA3}.Release|Any CPU.Build.0 = Release|Any CPU
		{653711D4-619B-4847-999F-9D08FA0C1B63}.Debug|Any CPU.ActiveCfg = Debug|Any CPU
		{653711D4-619B-4847-999F-9D08FA0C1B63}.Debug|Any CPU.Build.0 = Debug|Any CPU
		{653711D4-619B-4847-999F-9D08FA0C1B63}.Release|Any CPU.ActiveCfg = Release|Any CPU
		{653711D4-619B-4847-999F-9D08FA0C1B63}.Release|Any CPU.Build.0 = Release|Any CPU
		{98873B44-2F45-49C1-93AA-3CC51819ACB7}.Debug|Any CPU.ActiveCfg = Debug|Any CPU
		{98873B44-2F45-49C1-93AA-3CC51819ACB7}.Debug|Any CPU.Build.0 = Debug|Any CPU
		{98873B44-2F45-49C1-93AA-3CC51819ACB7}.Release|Any CPU.ActiveCfg = Release|Any CPU
		{98873B44-2F45-49C1-93AA-3CC51819ACB7}.Release|Any CPU.Build.0 = Release|Any CPU
	EndGlobalSection
	GlobalSection(SolutionProperties) = preSolution
		HideSolutionNode = FALSE
	EndGlobalSection
EndGlobal
